{
  "pins" : [
    {
      "identity" : "kanna",
      "kind" : "remoteSourceControl",
      "location" : "https://github.com/tid-kijyun/Kanna.git",
      "state" : {
        "revision" : "f9e4922223dd0d3dfbf02ca70812cf5531fc0593",
        "version" : "5.2.7"
      }
    },
    {
      "identity" : "titech-kyomu-kit",
      "kind" : "remoteSourceControl",
      "location" : "https://github.com/TitechAppProject/titech-kyomu-kit",
      "state" : {
        "revision" : "a206006a5d21fcc0b18e34c35afe237901043c51",
        "version" : "1.0.0"
      }
    },
    {
      "identity" : "titech-portal-kit",
      "kind" : "remoteSourceControl",
      "location" : "https://github.com/TitechAppProject/titech-portal-kit",
      "state" : {
        "revision" : "b04c90b712635aebfcb23915db7a40770fbce4c6",
        "version" : "1.6.0"
      }
    }
  ],
  "version" : 2
}
